// !$*UTF8*$!
{
	archiveVersion = 1;
	classes = {
	};
	objectVersion = 46;
	objects = {

/* Begin PBXBuildFile section */
		280CE12F1D7DACF800992E3D /* main.m in Sources */ = {isa = PBXBuildFile; fileRef = 280CE12E1D7DACF800992E3D /* main.m */; };
		280CE1321D7DACF800992E3D /* AppDelegate.m in Sources */ = {isa = PBXBuildFile; fileRef = 280CE1311D7DACF800992E3D /* AppDelegate.m */; };
		280CE1351D7DACF800992E3D /* ViewController.m in Sources */ = {isa = PBXBuildFile; fileRef = 280CE1341D7DACF800992E3D /* ViewController.m */; };
		280CE1381D7DACF800992E3D /* Main.storyboard in Resources */ = {isa = PBXBuildFile; fileRef = 280CE1361D7DACF800992E3D /* Main.storyboard */; };
		280CE13A1D7DACF800992E3D /* Assets.xcassets in Resources */ = {isa = PBXBuildFile; fileRef = 280CE1391D7DACF800992E3D /* Assets.xcassets */; };
		280CE13D1D7DACF800992E3D /* LaunchScreen.storyboard in Resources */ = {isa = PBXBuildFile; fileRef = 280CE13B1D7DACF800992E3D /* LaunchScreen.storyboard */; };
		280CE1481D7DACF800992E3D /* RuntimeAutoConvertModelTests.m in Sources */ = {isa = PBXBuildFile; fileRef = 280CE1471D7DACF800992E3D /* RuntimeAutoConvertModelTests.m */; };
		280CE1531D7DACF800992E3D /* RuntimeAutoConvertModelUITests.m in Sources */ = {isa = PBXBuildFile; fileRef = 280CE1521D7DACF800992E3D /* RuntimeAutoConvertModelUITests.m */; };
		280CE1621D7DAD7300992E3D /* JDModel.m in Sources */ = {isa = PBXBuildFile; fileRef = 280CE1611D7DAD7300992E3D /* JDModel.m */; };
		280CE1651D7DB03000992E3D /* JDDog.m in Sources */ = {isa = PBXBuildFile; fileRef = 280CE1641D7DB03000992E3D /* JDDog.m */; };
/* End PBXBuildFile section */

/* Begin PBXContainerItemProxy section */
		280CE1441D7DACF800992E3D /* PBXContainerItemProxy */ = {
			isa = PBXContainerItemProxy;
			containerPortal = 280CE1221D7DACF800992E3D /* Project object */;
			proxyType = 1;
			remoteGlobalIDString = 280CE1291D7DACF800992E3D;
			remoteInfo = RuntimeAutoConvertModel;
		};
		280CE14F1D7DACF800992E3D /* PBXContainerItemProxy */ = {
			isa = PBXContainerItemProxy;
			containerPortal = 280CE1221D7DACF800992E3D /* Project object */;
			proxyType = 1;
			remoteGlobalIDString = 280CE1291D7DACF800992E3D;
			remoteInfo = RuntimeAutoConvertModel;
		};
/* End PBXContainerItemProxy section */

/* Begin PBXFileReference section */
		280CE12A1D7DACF800992E3D /* RuntimeAutoConvertModel.app */ = {isa = PBXFileReference; explicitFileType = wrapper.application; includeInIndex = 0; path = RuntimeAutoConvertModel.app; sourceTree = BUILT_PRODUCTS_DIR; };
		280CE12E1D7DACF800992E3D /* main.m */ = {isa = PBXFileReference; lastKnownFileType = sourcecode.c.objc; path = main.m; sourceTree = "<group>"; };
		280CE1301D7DACF800992E3D /* AppDelegate.h */ = {isa = PBXFileReference; lastKnownFileType = sourcecode.c.h; path = AppDelegate.h; sourceTree = "<group>"; };
		280CE1311D7DACF800992E3D /* AppDelegate.m */ = {isa = PBXFileReference; lastKnownFileType = sourcecode.c.objc; path = AppDelegate.m; sourceTree = "<group>"; };
		280CE1331D7DACF800992E3D /* ViewController.h */ = {isa = PBXFileReference; lastKnownFileType = sourcecode.c.h; path = ViewController.h; sourceTree = "<group>"; };
		280CE1341D7DACF800992E3D /* ViewController.m */ = {isa = PBXFileReference; lastKnownFileType = sourcecode.c.objc; path = ViewController.m; sourceTree = "<group>"; };
		280CE1371D7DACF800992E3D /* Base */ = {isa = PBXFileReference; lastKnownFileType = file.storyboard; name = Base; path = Base.lproj/Main.storyboard; sourceTree = "<group>"; };
		280CE1391D7DACF800992E3D /* Assets.xcassets */ = {isa = PBXFileReference; lastKnownFileType = folder.assetcatalog; path = Assets.xcassets; sourceTree = "<group>"; };
		280CE13C1D7DACF800992E3D /* Base */ = {isa = PBXFileReference; lastKnownFileType = file.storyboard; name = Base; path = Base.lproj/LaunchScreen.storyboard; sourceTree = "<group>"; };
		280CE13E1D7DACF800992E3D /* Info.plist */ = {isa = PBXFileReference; lastKnownFileType = text.plist.xml; path = Info.plist; sourceTree = "<group>"; };
		280CE1431D7DACF800992E3D /* RuntimeAutoConvertModelTests.xctest */ = {isa = PBXFileReference; explicitFileType = wrapper.cfbundle; includeInIndex = 0; path = RuntimeAutoConvertModelTests.xctest; sourceTree = BUILT_PRODUCTS_DIR; };
		280CE1471D7DACF800992E3D /* RuntimeAutoConvertModelTests.m */ = {isa = PBXFileReference; lastKnownFileType = sourcecode.c.objc; path = RuntimeAutoConvertModelTests.m; sourceTree = "<group>"; };
		280CE1491D7DACF800992E3D /* Info.plist */ = {isa = PBXFileReference; lastKnownFileType = text.plist.xml; path = Info.plist; sourceTree = "<group>"; };
		280CE14E1D7DACF800992E3D /* RuntimeAutoConvertModelUITests.xctest */ = {isa = PBXFileReference; explicitFileType = wrapper.cfbundle; includeInIndex = 0; path = RuntimeAutoConvertModelUITests.xctest; sourceTree = BUILT_PRODUCTS_DIR; };
		280CE1521D7DACF800992E3D /* RuntimeAutoConvertModelUITests.m */ = {isa = PBXFileReference; lastKnownFileType = sourcecode.c.objc; path = RuntimeAutoConvertModelUITests.m; sourceTree = "<group>"; };
		280CE1541D7DACF800992E3D /* Info.plist */ = {isa = PBXFileReference; lastKnownFileType = text.plist.xml; path = Info.plist; sourceTree = "<group>"; };
		280CE1601D7DAD7300992E3D /* JDModel.h */ = {isa = PBXFileReference; fileEncoding = 4; lastKnownFileType = sourcecode.c.h; path = JDModel.h; sourceTree = "<group>"; };
		280CE1611D7DAD7300992E3D /* JDModel.m */ = {isa = PBXFileReference; fileEncoding = 4; lastKnownFileType = sourcecode.c.objc; path = JDModel.m; sourceTree = "<group>"; };
		280CE1631D7DB03000992E3D /* JDDog.h */ = {isa = PBXFileReference; fileEncoding = 4; lastKnownFileType = sourcecode.c.h; path = JDDog.h; sourceTree = "<group>"; };
		280CE1641D7DB03000992E3D /* JDDog.m */ = {isa = PBXFileReference; fileEncoding = 4; lastKnownFileType = sourcecode.c.objc; path = JDDog.m; sourceTree = "<group>"; };
/* End PBXFileReference section */

/* Begin PBXFrameworksBuildPhase section */
		280CE1271D7DACF800992E3D /* Frameworks */ = {
			isa = PBXFrameworksBuildPhase;
			buildActionMask = 2147483647;
			files = (
			);
			runOnlyForDeploymentPostprocessing = 0;
		};
		280CE1401D7DACF800992E3D /* Frameworks */ = {
			isa = PBXFrameworksBuildPhase;
			buildActionMask = 2147483647;
			files = (
			);
			runOnlyForDeploymentPostprocessing = 0;
		};
		280CE14B1D7DACF800992E3D /* Frameworks */ = {
			isa = PBXFrameworksBuildPhase;
			buildActionMask = 2147483647;
			files = (
			);
			runOnlyForDeploymentPostprocessing = 0;
		};
/* End PBXFrameworksBuildPhase section */

/* Begin PBXGroup section */
		280CE1211D7DACF800992E3D = {
			isa = PBXGroup;
			children = (
				280CE12C1D7DACF800992E3D /* RuntimeAutoConvertModel */,
				280CE1461D7DACF800992E3D /* RuntimeAutoConvertModelTests */,
				280CE1511D7DACF800992E3D /* RuntimeAutoConvertModelUITests */,
				280CE12B1D7DACF800992E3D /* Products */,
			);
			sourceTree = "<group>";
		};
		280CE12B1D7DACF800992E3D /* Products */ = {
			isa = PBXGroup;
			children = (
				280CE12A1D7DACF800992E3D /* RuntimeAutoConvertModel.app */,
				280CE1431D7DACF800992E3D /* RuntimeAutoConvertModelTests.xctest */,
				280CE14E1D7DACF800992E3D /* RuntimeAutoConvertModelUITests.xctest */,
			);
			name = Products;
			sourceTree = "<group>";
		};
		280CE12C1D7DACF800992E3D /* RuntimeAutoConvertModel */ = {
			isa = PBXGroup;
			children = (
				280CE1301D7DACF800992E3D /* AppDelegate.h */,
				280CE1311D7DACF800992E3D /* AppDelegate.m */,
				280CE1331D7DACF800992E3D /* ViewController.h */,
				280CE1341D7DACF800992E3D /* ViewController.m */,
				280CE1361D7DACF800992E3D /* Main.storyboard */,
				280CE1391D7DACF800992E3D /* Assets.xcassets */,
				280CE13B1D7DACF800992E3D /* LaunchScreen.storyboard */,
				280CE13E1D7DACF800992E3D /* Info.plist */,
				280CE12D1D7DACF800992E3D /* Supporting Files */,
				280CE1601D7DAD7300992E3D /* JDModel.h */,
				280CE1611D7DAD7300992E3D /* JDModel.m */,
				280CE1631D7DB03000992E3D /* JDDog.h */,
				280CE1641D7DB03000992E3D /* JDDog.m */,
			);
			path = RuntimeAutoConvertModel;
			sourceTree = "<group>";
		};
		280CE12D1D7DACF800992E3D /* Supporting Files */ = {
			isa = PBXGroup;
			children = (
				280CE12E1D7DACF800992E3D /* main.m */,
			);
			name = "Supporting Files";
			sourceTree = "<group>";
		};
		280CE1461D7DACF800992E3D /* RuntimeAutoConvertModelTests */ = {
			isa = PBXGroup;
			children = (
				280CE1471D7DACF800992E3D /* RuntimeAutoConvertModelTests.m */,
				280CE1491D7DACF800992E3D /* Info.plist */,
			);
			path = RuntimeAutoConvertModelTests;
			sourceTree = "<group>";
		};
		280CE1511D7DACF800992E3D /* RuntimeAutoConvertModelUITests */ = {
			isa = PBXGroup;
			children = (
				280CE1521D7DACF800992E3D /* RuntimeAutoConvertModelUITests.m */,
				280CE1541D7DACF800992E3D /* Info.plist */,
			);
			path = RuntimeAutoConvertModelUITests;
			sourceTree = "<group>";
		};
/* End PBXGroup section */

/* Begin PBXNativeTarget section */
		280CE1291D7DACF800992E3D /* RuntimeAutoConvertModel */ = {
			isa = PBXNativeTarget;
			buildConfigurationList = 280CE1571D7DACF800992E3D /* Build configuration list for PBXNativeTarget "RuntimeAutoConvertModel" */;
			buildPhases = (
				280CE1261D7DACF800992E3D /* Sources */,
				280CE1271D7DACF800992E3D /* Frameworks */,
				280CE1281D7DACF800992E3D /* Resources */,
			);
			buildRules = (
			);
			dependencies = (
			);
			name = RuntimeAutoConvertModel;
			productName = RuntimeAutoConvertModel;
			productReference = 280CE12A1D7DACF800992E3D /* RuntimeAutoConvertModel.app */;
			productType = "com.apple.product-type.application";
		};
		280CE1421D7DACF800992E3D /* RuntimeAutoConvertModelTests */ = {
			isa = PBXNativeTarget;
			buildConfigurationList = 280CE15A1D7DACF800992E3D /* Build configuration list for PBXNativeTarget "RuntimeAutoConvertModelTests" */;
			buildPhases = (
				280CE13F1D7DACF800992E3D /* Sources */,
				280CE1401D7DACF800992E3D /* Frameworks */,
				280CE1411D7DACF800992E3D /* Resources */,
			);
			buildRules = (
			);
			dependencies = (
				280CE1451D7DACF800992E3D /* PBXTargetDependency */,
			);
			name = RuntimeAutoConvertModelTests;
			productName = RuntimeAutoConvertModelTests;
			productReference = 280CE1431D7DACF800992E3D /* RuntimeAutoConvertModelTests.xctest */;
			productType = "com.apple.product-type.bundle.unit-test";
		};
		280CE14D1D7DACF800992E3D /* RuntimeAutoConvertModelUITests */ = {
			isa = PBXNativeTarget;
			buildConfigurationList = 280CE15D1D7DACF800992E3D /* Build configuration list for PBXNativeTarget "RuntimeAutoConvertModelUITests" */;
			buildPhases = (
				280CE14A1D7DACF800992E3D /* Sources */,
				280CE14B1D7DACF800992E3D /* Frameworks */,
				280CE14C1D7DACF800992E3D /* Resources */,
			);
			buildRules = (
			);
			dependencies = (
				280CE1501D7DACF800992E3D /* PBXTargetDependency */,
			);
			name = RuntimeAutoConvertModelUITests;
			productName = RuntimeAutoConvertModelUITests;
			productReference = 280CE14E1D7DACF800992E3D /* RuntimeAutoConvertModelUITests.xctest */;
			productType = "com.apple.product-type.bundle.ui-testing";
		};
/* End PBXNativeTarget section */

/* Begin PBXProject section */
		280CE1221D7DACF800992E3D /* Project object */ = {
			isa = PBXProject;
			attributes = {
				LastUpgradeCheck = 0730;
				ORGANIZATIONNAME = wenyongjun;
				TargetAttributes = {
					280CE1291D7DACF800992E3D = {
						CreatedOnToolsVersion = 7.3;
					};
					280CE1421D7DACF800992E3D = {
						CreatedOnToolsVersion = 7.3;
						TestTargetID = 280CE1291D7DACF800992E3D;
					};
					280CE14D1D7DACF800992E3D = {
						CreatedOnToolsVersion = 7.3;
						TestTargetID = 280CE1291D7DACF800992E3D;
					};
				};
			};
			buildConfigurationList = 280CE1251D7DACF800992E3D /* Build configuration list for PBXProject "RuntimeAutoConvertModel" */;
			compatibilityVersion = "Xcode 3.2";
			developmentRegion = English;
			hasScannedForEncodings = 0;
			knownRegions = (
				en,
				Base,
			);
			mainGroup = 280CE1211D7DACF800992E3D;
			productRefGroup = 280CE12B1D7DACF800992E3D /* Products */;
			projectDirPath = "";
			projectRoot = "";
			targets = (
				280CE1291D7DACF800992E3D /* RuntimeAutoConvertModel */,
				280CE1421D7DACF800992E3D /* RuntimeAutoConvertModelTests */,
				280CE14D1D7DACF800992E3D /* RuntimeAutoConvertModelUITests */,
			);
		};
/* End PBXProject section */

/* Begin PBXResourcesBuildPhase section */
		280CE1281D7DACF800992E3D /* Resources */ = {
			isa = PBXResourcesBuildPhase;
			buildActionMask = 2147483647;
			files = (
				280CE13D1D7DACF800992E3D /* LaunchScreen.storyboard in Resources */,
				280CE13A1D7DACF800992E3D /* Assets.xcassets in Resources */,
				280CE1381D7DACF800992E3D /* Main.storyboard in Resources */,
			);
			runOnlyForDeploymentPostprocessing = 0;
		};
		280CE1411D7DACF800992E3D /* Resources */ = {
			isa = PBXResourcesBuildPhase;
			buildActionMask = 2147483647;
			files = (
			);
			runOnlyForDeploymentPostprocessing = 0;
		};
		280CE14C1D7DACF800992E3D /* Resources */ = {
			isa = PBXResourcesBuildPhase;
			buildActionMask = 2147483647;
			files = (
			);
			runOnlyForDeploymentPostprocessing = 0;
		};
/* End PBXResourcesBuildPhase section */

/* Begin PBXSourcesBuildPhase section */
		280CE1261D7DACF800992E3D /* Sources */ = {
			isa = PBXSourcesBuildPhase;
			buildActionMask = 2147483647;
			files = (
				280CE1351D7DACF800992E3D /* ViewController.m in Sources */,
				280CE1321D7DACF800992E3D /* AppDelegate.m in Sources */,
				280CE12F1D7DACF800992E3D /* main.m in Sources */,
				280CE1621D7DAD7300992E3D /* JDModel.m in Sources */,
				280CE1651D7DB03000992E3D /* JDDog.m in Sources */,
			);
			runOnlyForDeploymentPostprocessing = 0;
		};
		280CE13F1D7DACF800992E3D /* Sources */ = {
			isa = PBXSourcesBuildPhase;
			buildActionMask = 2147483647;
			files = (
				280CE1481D7DACF800992E3D /* RuntimeAutoConvertModelTests.m in Sources */,
			);
			runOnlyForDeploymentPostprocessing = 0;
		};
		280CE14A1D7DACF800992E3D /* Sources */ = {
			isa = PBXSourcesBuildPhase;
			buildActionMask = 2147483647;
			files = (
				280CE1531D7DACF800992E3D /* RuntimeAutoConvertModelUITests.m in Sources */,
			);
			runOnlyForDeploymentPostprocessing = 0;
		};
/* End PBXSourcesBuildPhase section */

/* Begin PBXTargetDependency section */
		280CE1451D7DACF800992E3D /* PBXTargetDependency */ = {
			isa = PBXTargetDependency;
			target = 280CE1291D7DACF800992E3D /* RuntimeAutoConvertModel */;
			targetProxy = 280CE1441D7DACF800992E3D /* PBXContainerItemProxy */;
		};
		280CE1501D7DACF800992E3D /* PBXTargetDependency */ = {
			isa = PBXTargetDependency;
			target = 280CE1291D7DACF800992E3D /* RuntimeAutoConvertModel */;
			targetProxy = 280CE14F1D7DACF800992E3D /* PBXContainerItemProxy */;
		};
/* End PBXTargetDependency section */

/* Begin PBXVariantGroup section */
		280CE1361D7DACF800992E3D /* Main.storyboard */ = {
			isa = PBXVariantGroup;
			children = (
				280CE1371D7DACF800992E3D /* Base */,
			);
			name = Main.storyboard;
			sourceTree = "<group>";
		};
		280CE13B1D7DACF800992E3D /* LaunchScreen.storyboard */ = {
			isa = PBXVariantGroup;
			children = (
				280CE13C1D7DACF800992E3D /* Base */,
			);
			name = LaunchScreen.storyboard;
			sourceTree = "<group>";
		};
/* End PBXVariantGroup section */

/* Begin XCBuildConfiguration section */
		280CE1551D7DACF800992E3D /* Debug */ = {
			isa = XCBuildConfiguration;
			buildSettings = {
				ALWAYS_SEARCH_USER_PATHS = NO;
				CLANG_ANALYZER_NONNULL = YES;
				CLANG_CXX_LANGUAGE_STANDARD = "gnu++0x";
				CLANG_CXX_LIBRARY = "libc++";
				CLANG_ENABLE_MODULES = YES;
				CLANG_ENABLE_OBJC_ARC = YES;
				CLANG_WARN_BOOL_CONVERSION = YES;
				CLANG_WARN_CONSTANT_CONVERSION = YES;
				CLANG_WARN_DIRECT_OBJC_ISA_USAGE = YES_ERROR;
				CLANG_WARN_EMPTY_BODY = YES;
				CLANG_WARN_ENUM_CONVERSION = YES;
				CLANG_WARN_INT_CONVERSION = YES;
				CLANG_WARN_OBJC_ROOT_CLASS = YES_ERROR;
				CLANG_WARN_UNREACHABLE_CODE = YES;
				CLANG_WARN__DUPLICATE_METHOD_MATCH = YES;
				"CODE_SIGN_IDENTITY[sdk=iphoneos*]" = "iPhone Developer";
				COPY_PHASE_STRIP = NO;
				DEBUG_INFORMATION_FORMAT = dwarf;
				ENABLE_STRICT_OBJC_MSGSEND = YES;
				ENABLE_TESTABILITY = YES;
				GCC_C_LANGUAGE_STANDARD = gnu99;
				GCC_DYNAMIC_NO_PIC = NO;
				GCC_NO_COMMON_BLOCKS = YES;
				GCC_OPTIMIZATION_LEVEL = 0;
				GCC_PREPROCESSOR_DEFINITIONS = (
					"DEBUG=1",
					"$(inherited)",
				);
				GCC_WARN_64_TO_32_BIT_CONVERSION = YES;
				GCC_WARN_ABOUT_RETURN_TYPE = YES_ERROR;
				GCC_WARN_UNDECLARED_SELECTOR = YES;
				GCC_WARN_UNINITIALIZED_AUTOS = YES_AGGRESSIVE;
				GCC_WARN_UNUSED_FUNCTION = YES;
				GCC_WARN_UNUSED_VARIABLE = YES;
				IPHONEOS_DEPLOYMENT_TARGET = 9.3;
				MTL_ENABLE_DEBUG_INFO = YES;
				ONLY_ACTIVE_ARCH = YES;
				SDKROOT = iphoneos;
				TARGETED_DEVICE_FAMILY = "1,2";
			};
			name = Debug;
		};
		280CE1561D7DACF800992E3D /* Release */ = {
			isa = XCBuildConfiguration;
			buildSettings = {
				ALWAYS_SEARCH_USER_PATHS = NO;
				CLANG_ANALYZER_NONNULL = YES;
				CLANG_CXX_LANGUAGE_STANDARD = "gnu++0x";
				CLANG_CXX_LIBRARY = "libc++";
				CLANG_ENABLE_MODULES = YES;
				CLANG_ENABLE_OBJC_ARC = YES;
				CLANG_WARN_BOOL_CONVERSION = YES;
				CLANG_WARN_CONSTANT_CONVERSION = YES;
				CLANG_WARN_DIRECT_OBJC_ISA_USAGE = YES_ERROR;
				CLANG_WARN_EMPTY_BODY = YES;
				CLANG_WARN_ENUM_CONVERSION = YES;
				CLANG_WARN_INT_CONVERSION = YES;
				CLANG_WARN_OBJC_ROOT_CLASS = YES_ERROR;
				CLANG_WARN_UNREACHABLE_CODE = YES;
				CLANG_WARN__DUPLICATE_METHOD_MATCH = YES;
				"CODE_SIGN_IDENTITY[sdk=iphoneos*]" = "iPhone Developer";
				COPY_PHASE_STRIP = NO;
				DEBUG_INFORMATION_FORMAT = "dwarf-with-dsym";
				ENABLE_NS_ASSERTIONS = NO;
				ENABLE_STRICT_OBJC_MSGSEND = YES;
				GCC_C_LANGUAGE_STANDARD = gnu99;
				GCC_NO_COMMON_BLOCKS = YES;
				GCC_WARN_64_TO_32_BIT_CONVERSION = YES;
				GCC_WARN_ABOUT_RETURN_TYPE = YES_ERROR;
				GCC_WARN_UNDECLARED_SELECTOR = YES;
				GCC_WARN_UNINITIALIZED_AUTOS = YES_AGGRESSIVE;
				GCC_WARN_UNUSED_FUNCTION = YES;
				GCC_WARN_UNUSED_VARIABLE = YES;
				IPHONEOS_DEPLOYMENT_TARGET = 9.3;
				MTL_ENABLE_DEBUG_INFO = NO;
				SDKROOT = iphoneos;
				TARGETED_DEVICE_FAMILY = "1,2";
				VALIDATE_PRODUCT = YES;
			};
			name = Release;
		};
		280CE1581D7DACF800992E3D /* Debug */ = {
			isa = XCBuildConfiguration;
			buildSettings = {
				ASSETCATALOG_COMPILER_APPICON_NAME = AppIcon;
				INFOPLIST_FILE = RuntimeAutoConvertModel/Info.plist;
				LD_RUNPATH_SEARCH_PATHS = "$(inherited) @executable_path/Frameworks";
				PRODUCT_BUNDLE_IDENTIFIER = jd.RuntimeAutoConvertModel;
				PRODUCT_NAME = "$(TARGET_NAME)";
			};
			name = Debug;
		};
		280CE1591D7DACF800992E3D /* Release */ = {
			isa = XCBuildConfiguration;
			buildSettings = {
				ASSETCATALOG_COMPILER_APPICON_NAME = AppIcon;
				INFOPLIST_FILE = RuntimeAutoConvertModel/Info.plist;
				LD_RUNPATH_SEARCH_PATHS = "$(inherited) @executable_path/Frameworks";
				PRODUCT_BUNDLE_IDENTIFIER = jd.RuntimeAutoConvertModel;
				PRODUCT_NAME = "$(TARGET_NAME)";
			};
			name = Release;
		};
		280CE15B1D7DACF800992E3D /* Debug */ = {
			isa = XCBuildConfiguration;
			buildSettings = {
				BUNDLE_LOADER = "$(TEST_HOST)";
				INFOPLIST_FILE = RuntimeAutoConvertModelTests/Info.plist;
				LD_RUNPATH_SEARCH_PATHS = "$(inherited) @executable_path/Frameworks @loader_path/Frameworks";
				PRODUCT_BUNDLE_IDENTIFIER = jd.RuntimeAutoConvertModelTests;
				PRODUCT_NAME = "$(TARGET_NAME)";
				TEST_HOST = "$(BUILT_PRODUCTS_DIR)/RuntimeAutoConvertModel.app/RuntimeAutoConvertModel";
			};
			name = Debug;
		};
		280CE15C1D7DACF800992E3D /* Release */ = {
			isa = XCBuildConfiguration;
			buildSettings = {
				BUNDLE_LOADER = "$(TEST_HOST)";
				INFOPLIST_FILE = RuntimeAutoConvertModelTests/Info.plist;
				LD_RUNPATH_SEARCH_PATHS = "$(inherited) @executable_path/Frameworks @loader_path/Frameworks";
				PRODUCT_BUNDLE_IDENTIFIER = jd.RuntimeAutoConvertModelTests;
				PRODUCT_NAME = "$(TARGET_NAME)";
				TEST_HOST = "$(BUILT_PRODUCTS_DIR)/RuntimeAutoConvertModel.app/RuntimeAutoConvertModel";
			};
			name = Release;
		};
		280CE15E1D7DACF800992E3D /* Debug */ = {
			isa = XCBuildConfiguration;
			buildSettings = {
				INFOPLIST_FILE = RuntimeAutoConvertModelUITests/Info.plist;
				LD_RUNPATH_SEARCH_PATHS = "$(inherited) @executable_path/Frameworks @loader_path/Frameworks";
				PRODUCT_BUNDLE_IDENTIFIER = jd.RuntimeAutoConvertModelUITests;
				PRODUCT_NAME = "$(TARGET_NAME)";
				TEST_TARGET_NAME = RuntimeAutoConvertModel;
			};
			name = Debug;
		};
		280CE15F1D7DACF800992E3D /* Release */ = {
			isa = XCBuildConfiguration;
			buildSettings = {
				INFOPLIST_FILE = RuntimeAutoConvertModelUITests/Info.plist;
				LD_RUNPATH_SEARCH_PATHS = "$(inherited) @executable_path/Frameworks @loader_path/Frameworks";
				PRODUCT_BUNDLE_IDENTIFIER = jd.RuntimeAutoConvertModelUITests;
				PRODUCT_NAME = "$(TARGET_NAME)";
				TEST_TARGET_NAME = RuntimeAutoConvertModel;
			};
			name = Release;
		};
/* End XCBuildConfiguration section */

/* Begin XCConfigurationList section */
		280CE1251D7DACF800992E3D /* Build configuration list for PBXProject "RuntimeAutoConvertModel" */ = {
			isa = XCConfigurationList;
			buildConfigurations = (
				280CE1551D7DACF800992E3D /* Debug */,
				280CE1561D7DACF800992E3D /* Release */,
			);
			defaultConfigurationIsVisible = 0;
			defaultConfigurationName = Release;
		};
		280CE1571D7DACF800992E3D /* Build configuration list for PBXNativeTarget "RuntimeAutoConvertModel" */ = {
			isa = XCConfigurationList;
			buildConfigurations = (
				280CE1581D7DACF800992E3D /* Debug */,
				280CE1591D7DACF800992E3D /* Release */,
			);
			defaultConfigurationIsVisible = 0;
		};
		280CE15A1D7DACF800992E3D /* Build configuration list for PBXNativeTarget "RuntimeAutoConvertModelTests" */ = {
			isa = XCConfigurationList;
			buildConfigurations = (
				280CE15B1D7DACF800992E3D /* Debug */,
				280CE15C1D7DACF800992E3D /* Release */,
			);
			defaultConfigurationIsVisible = 0;
		};
		280CE15D1D7DACF800992E3D /* Build configuration list for PBXNativeTarget "RuntimeAutoConvertModelUITests" */ = {
			isa = XCConfigurationList;
			buildConfigurations = (
				280CE15E1D7DACF800992E3D /* Debug */,
				280CE15F1D7DACF800992E3D /* Release */,
			);
			defaultConfigurationIsVisible = 0;
		};
/* End XCConfigurationList section */
	};
	rootObject = 280CE1221D7DACF800992E3D /* Project object */;
}
