// !$*UTF8*$!
{
	archiveVersion = 1;
	classes = {
	};
	objectVersion = 46;
	objects = {

/* Begin PBXBuildFile section */
		280CE1B61D80E44100992E3D /* main.m in Sources */ = {isa = PBXBuildFile; fileRef = 280CE1B51D80E44100992E3D /* main.m */; };
		280CE1B91D80E44100992E3D /* AppDelegate.m in Sources */ = {isa = PBXBuildFile; fileRef = 280CE1B81D80E44100992E3D /* AppDelegate.m */; };
		280CE1BC1D80E44100992E3D /* ViewController.m in Sources */ = {isa = PBXBuildFile; fileRef = 280CE1BB1D80E44100992E3D /* ViewController.m */; };
		280CE1BF1D80E44100992E3D /* Main.storyboard in Resources */ = {isa = PBXBuildFile; fileRef = 280CE1BD1D80E44100992E3D /* Main.storyboard */; };
		280CE1C11D80E44100992E3D /* Assets.xcassets in Resources */ = {isa = PBXBuildFile; fileRef = 280CE1C01D80E44100992E3D /* Assets.xcassets */; };
		280CE1C41D80E44100992E3D /* LaunchScreen.storyboard in Resources */ = {isa = PBXBuildFile; fileRef = 280CE1C21D80E44100992E3D /* LaunchScreen.storyboard */; };
		280CE1CF1D80E44100992E3D /* RuntimeMetaTests.m in Sources */ = {isa = PBXBuildFile; fileRef = 280CE1CE1D80E44100992E3D /* RuntimeMetaTests.m */; };
		280CE1DA1D80E44100992E3D /* RuntimeMetaUITests.m in Sources */ = {isa = PBXBuildFile; fileRef = 280CE1D91D80E44100992E3D /* RuntimeMetaUITests.m */; };
/* End PBXBuildFile section */

/* Begin PBXContainerItemProxy section */
		280CE1CB1D80E44100992E3D /* PBXContainerItemProxy */ = {
			isa = PBXContainerItemProxy;
			containerPortal = 280CE1A91D80E44100992E3D /* Project object */;
			proxyType = 1;
			remoteGlobalIDString = 280CE1B01D80E44100992E3D;
			remoteInfo = RuntimeMeta;
		};
		280CE1D61D80E44100992E3D /* PBXContainerItemProxy */ = {
			isa = PBXContainerItemProxy;
			containerPortal = 280CE1A91D80E44100992E3D /* Project object */;
			proxyType = 1;
			remoteGlobalIDString = 280CE1B01D80E44100992E3D;
			remoteInfo = RuntimeMeta;
		};
/* End PBXContainerItemProxy section */

/* Begin PBXFileReference section */
		280CE1B11D80E44100992E3D /* RuntimeMeta.app */ = {isa = PBXFileReference; explicitFileType = wrapper.application; includeInIndex = 0; path = RuntimeMeta.app; sourceTree = BUILT_PRODUCTS_DIR; };
		280CE1B51D80E44100992E3D /* main.m */ = {isa = PBXFileReference; lastKnownFileType = sourcecode.c.objc; path = main.m; sourceTree = "<group>"; };
		280CE1B71D80E44100992E3D /* AppDelegate.h */ = {isa = PBXFileReference; lastKnownFileType = sourcecode.c.h; path = AppDelegate.h; sourceTree = "<group>"; };
		280CE1B81D80E44100992E3D /* AppDelegate.m */ = {isa = PBXFileReference; lastKnownFileType = sourcecode.c.objc; path = AppDelegate.m; sourceTree = "<group>"; };
		280CE1BA1D80E44100992E3D /* ViewController.h */ = {isa = PBXFileReference; lastKnownFileType = sourcecode.c.h; path = ViewController.h; sourceTree = "<group>"; };
		280CE1BB1D80E44100992E3D /* ViewController.m */ = {isa = PBXFileReference; lastKnownFileType = sourcecode.c.objc; path = ViewController.m; sourceTree = "<group>"; };
		280CE1BE1D80E44100992E3D /* Base */ = {isa = PBXFileReference; lastKnownFileType = file.storyboard; name = Base; path = Base.lproj/Main.storyboard; sourceTree = "<group>"; };
		280CE1C01D80E44100992E3D /* Assets.xcassets */ = {isa = PBXFileReference; lastKnownFileType = folder.assetcatalog; path = Assets.xcassets; sourceTree = "<group>"; };
		280CE1C31D80E44100992E3D /* Base */ = {isa = PBXFileReference; lastKnownFileType = file.storyboard; name = Base; path = Base.lproj/LaunchScreen.storyboard; sourceTree = "<group>"; };
		280CE1C51D80E44100992E3D /* Info.plist */ = {isa = PBXFileReference; lastKnownFileType = text.plist.xml; path = Info.plist; sourceTree = "<group>"; };
		280CE1CA1D80E44100992E3D /* RuntimeMetaTests.xctest */ = {isa = PBXFileReference; explicitFileType = wrapper.cfbundle; includeInIndex = 0; path = RuntimeMetaTests.xctest; sourceTree = BUILT_PRODUCTS_DIR; };
		280CE1CE1D80E44100992E3D /* RuntimeMetaTests.m */ = {isa = PBXFileReference; lastKnownFileType = sourcecode.c.objc; path = RuntimeMetaTests.m; sourceTree = "<group>"; };
		280CE1D01D80E44100992E3D /* Info.plist */ = {isa = PBXFileReference; lastKnownFileType = text.plist.xml; path = Info.plist; sourceTree = "<group>"; };
		280CE1D51D80E44100992E3D /* RuntimeMetaUITests.xctest */ = {isa = PBXFileReference; explicitFileType = wrapper.cfbundle; includeInIndex = 0; path = RuntimeMetaUITests.xctest; sourceTree = BUILT_PRODUCTS_DIR; };
		280CE1D91D80E44100992E3D /* RuntimeMetaUITests.m */ = {isa = PBXFileReference; lastKnownFileType = sourcecode.c.objc; path = RuntimeMetaUITests.m; sourceTree = "<group>"; };
		280CE1DB1D80E44100992E3D /* Info.plist */ = {isa = PBXFileReference; lastKnownFileType = text.plist.xml; path = Info.plist; sourceTree = "<group>"; };
/* End PBXFileReference section */

/* Begin PBXFrameworksBuildPhase section */
		280CE1AE1D80E44100992E3D /* Frameworks */ = {
			isa = PBXFrameworksBuildPhase;
			buildActionMask = 2147483647;
			files = (
			);
			runOnlyForDeploymentPostprocessing = 0;
		};
		280CE1C71D80E44100992E3D /* Frameworks */ = {
			isa = PBXFrameworksBuildPhase;
			buildActionMask = 2147483647;
			files = (
			);
			runOnlyForDeploymentPostprocessing = 0;
		};
		280CE1D21D80E44100992E3D /* Frameworks */ = {
			isa = PBXFrameworksBuildPhase;
			buildActionMask = 2147483647;
			files = (
			);
			runOnlyForDeploymentPostprocessing = 0;
		};
/* End PBXFrameworksBuildPhase section */

/* Begin PBXGroup section */
		280CE1A81D80E44100992E3D = {
			isa = PBXGroup;
			children = (
				280CE1B31D80E44100992E3D /* RuntimeMeta */,
				280CE1CD1D80E44100992E3D /* RuntimeMetaTests */,
				280CE1D81D80E44100992E3D /* RuntimeMetaUITests */,
				280CE1B21D80E44100992E3D /* Products */,
			);
			sourceTree = "<group>";
		};
		280CE1B21D80E44100992E3D /* Products */ = {
			isa = PBXGroup;
			children = (
				280CE1B11D80E44100992E3D /* RuntimeMeta.app */,
				280CE1CA1D80E44100992E3D /* RuntimeMetaTests.xctest */,
				280CE1D51D80E44100992E3D /* RuntimeMetaUITests.xctest */,
			);
			name = Products;
			sourceTree = "<group>";
		};
		280CE1B31D80E44100992E3D /* RuntimeMeta */ = {
			isa = PBXGroup;
			children = (
				280CE1B71D80E44100992E3D /* AppDelegate.h */,
				280CE1B81D80E44100992E3D /* AppDelegate.m */,
				280CE1BA1D80E44100992E3D /* ViewController.h */,
				280CE1BB1D80E44100992E3D /* ViewController.m */,
				280CE1BD1D80E44100992E3D /* Main.storyboard */,
				280CE1C01D80E44100992E3D /* Assets.xcassets */,
				280CE1C21D80E44100992E3D /* LaunchScreen.storyboard */,
				280CE1C51D80E44100992E3D /* Info.plist */,
				280CE1B41D80E44100992E3D /* Supporting Files */,
			);
			path = RuntimeMeta;
			sourceTree = "<group>";
		};
		280CE1B41D80E44100992E3D /* Supporting Files */ = {
			isa = PBXGroup;
			children = (
				280CE1B51D80E44100992E3D /* main.m */,
			);
			name = "Supporting Files";
			sourceTree = "<group>";
		};
		280CE1CD1D80E44100992E3D /* RuntimeMetaTests */ = {
			isa = PBXGroup;
			children = (
				280CE1CE1D80E44100992E3D /* RuntimeMetaTests.m */,
				280CE1D01D80E44100992E3D /* Info.plist */,
			);
			path = RuntimeMetaTests;
			sourceTree = "<group>";
		};
		280CE1D81D80E44100992E3D /* RuntimeMetaUITests */ = {
			isa = PBXGroup;
			children = (
				280CE1D91D80E44100992E3D /* RuntimeMetaUITests.m */,
				280CE1DB1D80E44100992E3D /* Info.plist */,
			);
			path = RuntimeMetaUITests;
			sourceTree = "<group>";
		};
/* End PBXGroup section */

/* Begin PBXNativeTarget section */
		280CE1B01D80E44100992E3D /* RuntimeMeta */ = {
			isa = PBXNativeTarget;
			buildConfigurationList = 280CE1DE1D80E44100992E3D /* Build configuration list for PBXNativeTarget "RuntimeMeta" */;
			buildPhases = (
				280CE1AD1D80E44100992E3D /* Sources */,
				280CE1AE1D80E44100992E3D /* Frameworks */,
				280CE1AF1D80E44100992E3D /* Resources */,
			);
			buildRules = (
			);
			dependencies = (
			);
			name = RuntimeMeta;
			productName = RuntimeMeta;
			productReference = 280CE1B11D80E44100992E3D /* RuntimeMeta.app */;
			productType = "com.apple.product-type.application";
		};
		280CE1C91D80E44100992E3D /* RuntimeMetaTests */ = {
			isa = PBXNativeTarget;
			buildConfigurationList = 280CE1E11D80E44100992E3D /* Build configuration list for PBXNativeTarget "RuntimeMetaTests" */;
			buildPhases = (
				280CE1C61D80E44100992E3D /* Sources */,
				280CE1C71D80E44100992E3D /* Frameworks */,
				280CE1C81D80E44100992E3D /* Resources */,
			);
			buildRules = (
			);
			dependencies = (
				280CE1CC1D80E44100992E3D /* PBXTargetDependency */,
			);
			name = RuntimeMetaTests;
			productName = RuntimeMetaTests;
			productReference = 280CE1CA1D80E44100992E3D /* RuntimeMetaTests.xctest */;
			productType = "com.apple.product-type.bundle.unit-test";
		};
		280CE1D41D80E44100992E3D /* RuntimeMetaUITests */ = {
			isa = PBXNativeTarget;
			buildConfigurationList = 280CE1E41D80E44100992E3D /* Build configuration list for PBXNativeTarget "RuntimeMetaUITests" */;
			buildPhases = (
				280CE1D11D80E44100992E3D /* Sources */,
				280CE1D21D80E44100992E3D /* Frameworks */,
				280CE1D31D80E44100992E3D /* Resources */,
			);
			buildRules = (
			);
			dependencies = (
				280CE1D71D80E44100992E3D /* PBXTargetDependency */,
			);
			name = RuntimeMetaUITests;
			productName = RuntimeMetaUITests;
			productReference = 280CE1D51D80E44100992E3D /* RuntimeMetaUITests.xctest */;
			productType = "com.apple.product-type.bundle.ui-testing";
		};
/* End PBXNativeTarget section */

/* Begin PBXProject section */
		280CE1A91D80E44100992E3D /* Project object */ = {
			isa = PBXProject;
			attributes = {
				LastUpgradeCheck = 0730;
				ORGANIZATIONNAME = wenyongjun;
				TargetAttributes = {
					280CE1B01D80E44100992E3D = {
						CreatedOnToolsVersion = 7.3;
					};
					280CE1C91D80E44100992E3D = {
						CreatedOnToolsVersion = 7.3;
						TestTargetID = 280CE1B01D80E44100992E3D;
					};
					280CE1D41D80E44100992E3D = {
						CreatedOnToolsVersion = 7.3;
						TestTargetID = 280CE1B01D80E44100992E3D;
					};
				};
			};
			buildConfigurationList = 280CE1AC1D80E44100992E3D /* Build configuration list for PBXProject "RuntimeMeta" */;
			compatibilityVersion = "Xcode 3.2";
			developmentRegion = English;
			hasScannedForEncodings = 0;
			knownRegions = (
				en,
				Base,
			);
			mainGroup = 280CE1A81D80E44100992E3D;
			productRefGroup = 280CE1B21D80E44100992E3D /* Products */;
			projectDirPath = "";
			projectRoot = "";
			targets = (
				280CE1B01D80E44100992E3D /* RuntimeMeta */,
				280CE1C91D80E44100992E3D /* RuntimeMetaTests */,
				280CE1D41D80E44100992E3D /* RuntimeMetaUITests */,
			);
		};
/* End PBXProject section */

/* Begin PBXResourcesBuildPhase section */
		280CE1AF1D80E44100992E3D /* Resources */ = {
			isa = PBXResourcesBuildPhase;
			buildActionMask = 2147483647;
			files = (
				280CE1C41D80E44100992E3D /* LaunchScreen.storyboard in Resources */,
				280CE1C11D80E44100992E3D /* Assets.xcassets in Resources */,
				280CE1BF1D80E44100992E3D /* Main.storyboard in Resources */,
			);
			runOnlyForDeploymentPostprocessing = 0;
		};
		280CE1C81D80E44100992E3D /* Resources */ = {
			isa = PBXResourcesBuildPhase;
			buildActionMask = 2147483647;
			files = (
			);
			runOnlyForDeploymentPostprocessing = 0;
		};
		280CE1D31D80E44100992E3D /* Resources */ = {
			isa = PBXResourcesBuildPhase;
			buildActionMask = 2147483647;
			files = (
			);
			runOnlyForDeploymentPostprocessing = 0;
		};
/* End PBXResourcesBuildPhase section */

/* Begin PBXSourcesBuildPhase section */
		280CE1AD1D80E44100992E3D /* Sources */ = {
			isa = PBXSourcesBuildPhase;
			buildActionMask = 2147483647;
			files = (
				280CE1BC1D80E44100992E3D /* ViewController.m in Sources */,
				280CE1B91D80E44100992E3D /* AppDelegate.m in Sources */,
				280CE1B61D80E44100992E3D /* main.m in Sources */,
			);
			runOnlyForDeploymentPostprocessing = 0;
		};
		280CE1C61D80E44100992E3D /* Sources */ = {
			isa = PBXSourcesBuildPhase;
			buildActionMask = 2147483647;
			files = (
				280CE1CF1D80E44100992E3D /* RuntimeMetaTests.m in Sources */,
			);
			runOnlyForDeploymentPostprocessing = 0;
		};
		280CE1D11D80E44100992E3D /* Sources */ = {
			isa = PBXSourcesBuildPhase;
			buildActionMask = 2147483647;
			files = (
				280CE1DA1D80E44100992E3D /* RuntimeMetaUITests.m in Sources */,
			);
			runOnlyForDeploymentPostprocessing = 0;
		};
/* End PBXSourcesBuildPhase section */

/* Begin PBXTargetDependency section */
		280CE1CC1D80E44100992E3D /* PBXTargetDependency */ = {
			isa = PBXTargetDependency;
			target = 280CE1B01D80E44100992E3D /* RuntimeMeta */;
			targetProxy = 280CE1CB1D80E44100992E3D /* PBXContainerItemProxy */;
		};
		280CE1D71D80E44100992E3D /* PBXTargetDependency */ = {
			isa = PBXTargetDependency;
			target = 280CE1B01D80E44100992E3D /* RuntimeMeta */;
			targetProxy = 280CE1D61D80E44100992E3D /* PBXContainerItemProxy */;
		};
/* End PBXTargetDependency section */

/* Begin PBXVariantGroup section */
		280CE1BD1D80E44100992E3D /* Main.storyboard */ = {
			isa = PBXVariantGroup;
			children = (
				280CE1BE1D80E44100992E3D /* Base */,
			);
			name = Main.storyboard;
			sourceTree = "<group>";
		};
		280CE1C21D80E44100992E3D /* LaunchScreen.storyboard */ = {
			isa = PBXVariantGroup;
			children = (
				280CE1C31D80E44100992E3D /* Base */,
			);
			name = LaunchScreen.storyboard;
			sourceTree = "<group>";
		};
/* End PBXVariantGroup section */

/* Begin XCBuildConfiguration section */
		280CE1DC1D80E44100992E3D /* Debug */ = {
			isa = XCBuildConfiguration;
			buildSettings = {
				ALWAYS_SEARCH_USER_PATHS = NO;
				CLANG_ANALYZER_NONNULL = YES;
				CLANG_CXX_LANGUAGE_STANDARD = "gnu++0x";
				CLANG_CXX_LIBRARY = "libc++";
				CLANG_ENABLE_MODULES = YES;
				CLANG_ENABLE_OBJC_ARC = YES;
				CLANG_WARN_BOOL_CONVERSION = YES;
				CLANG_WARN_CONSTANT_CONVERSION = YES;
				CLANG_WARN_DIRECT_OBJC_ISA_USAGE = YES_ERROR;
				CLANG_WARN_EMPTY_BODY = YES;
				CLANG_WARN_ENUM_CONVERSION = YES;
				CLANG_WARN_INT_CONVERSION = YES;
				CLANG_WARN_OBJC_ROOT_CLASS = YES_ERROR;
				CLANG_WARN_UNREACHABLE_CODE = YES;
				CLANG_WARN__DUPLICATE_METHOD_MATCH = YES;
				"CODE_SIGN_IDENTITY[sdk=iphoneos*]" = "iPhone Developer";
				COPY_PHASE_STRIP = NO;
				DEBUG_INFORMATION_FORMAT = dwarf;
				ENABLE_STRICT_OBJC_MSGSEND = YES;
				ENABLE_TESTABILITY = YES;
				GCC_C_LANGUAGE_STANDARD = gnu99;
				GCC_DYNAMIC_NO_PIC = NO;
				GCC_NO_COMMON_BLOCKS = YES;
				GCC_OPTIMIZATION_LEVEL = 0;
				GCC_PREPROCESSOR_DEFINITIONS = (
					"DEBUG=1",
					"$(inherited)",
				);
				GCC_WARN_64_TO_32_BIT_CONVERSION = YES;
				GCC_WARN_ABOUT_RETURN_TYPE = YES_ERROR;
				GCC_WARN_UNDECLARED_SELECTOR = YES;
				GCC_WARN_UNINITIALIZED_AUTOS = YES_AGGRESSIVE;
				GCC_WARN_UNUSED_FUNCTION = YES;
				GCC_WARN_UNUSED_VARIABLE = YES;
				IPHONEOS_DEPLOYMENT_TARGET = 9.3;
				MTL_ENABLE_DEBUG_INFO = YES;
				ONLY_ACTIVE_ARCH = YES;
				SDKROOT = iphoneos;
				TARGETED_DEVICE_FAMILY = "1,2";
			};
			name = Debug;
		};
		280CE1DD1D80E44100992E3D /* Release */ = {
			isa = XCBuildConfiguration;
			buildSettings = {
				ALWAYS_SEARCH_USER_PATHS = NO;
				CLANG_ANALYZER_NONNULL = YES;
				CLANG_CXX_LANGUAGE_STANDARD = "gnu++0x";
				CLANG_CXX_LIBRARY = "libc++";
				CLANG_ENABLE_MODULES = YES;
				CLANG_ENABLE_OBJC_ARC = YES;
				CLANG_WARN_BOOL_CONVERSION = YES;
				CLANG_WARN_CONSTANT_CONVERSION = YES;
				CLANG_WARN_DIRECT_OBJC_ISA_USAGE = YES_ERROR;
				CLANG_WARN_EMPTY_BODY = YES;
				CLANG_WARN_ENUM_CONVERSION = YES;
				CLANG_WARN_INT_CONVERSION = YES;
				CLANG_WARN_OBJC_ROOT_CLASS = YES_ERROR;
				CLANG_WARN_UNREACHABLE_CODE = YES;
				CLANG_WARN__DUPLICATE_METHOD_MATCH = YES;
				"CODE_SIGN_IDENTITY[sdk=iphoneos*]" = "iPhone Developer";
				COPY_PHASE_STRIP = NO;
				DEBUG_INFORMATION_FORMAT = "dwarf-with-dsym";
				ENABLE_NS_ASSERTIONS = NO;
				ENABLE_STRICT_OBJC_MSGSEND = YES;
				GCC_C_LANGUAGE_STANDARD = gnu99;
				GCC_NO_COMMON_BLOCKS = YES;
				GCC_WARN_64_TO_32_BIT_CONVERSION = YES;
				GCC_WARN_ABOUT_RETURN_TYPE = YES_ERROR;
				GCC_WARN_UNDECLARED_SELECTOR = YES;
				GCC_WARN_UNINITIALIZED_AUTOS = YES_AGGRESSIVE;
				GCC_WARN_UNUSED_FUNCTION = YES;
				GCC_WARN_UNUSED_VARIABLE = YES;
				IPHONEOS_DEPLOYMENT_TARGET = 9.3;
				MTL_ENABLE_DEBUG_INFO = NO;
				SDKROOT = iphoneos;
				TARGETED_DEVICE_FAMILY = "1,2";
				VALIDATE_PRODUCT = YES;
			};
			name = Release;
		};
		280CE1DF1D80E44100992E3D /* Debug */ = {
			isa = XCBuildConfiguration;
			buildSettings = {
				ASSETCATALOG_COMPILER_APPICON_NAME = AppIcon;
				INFOPLIST_FILE = RuntimeMeta/Info.plist;
				LD_RUNPATH_SEARCH_PATHS = "$(inherited) @executable_path/Frameworks";
				PRODUCT_BUNDLE_IDENTIFIER = jd.RuntimeMeta;
				PRODUCT_NAME = "$(TARGET_NAME)";
			};
			name = Debug;
		};
		280CE1E01D80E44100992E3D /* Release */ = {
			isa = XCBuildConfiguration;
			buildSettings = {
				ASSETCATALOG_COMPILER_APPICON_NAME = AppIcon;
				INFOPLIST_FILE = RuntimeMeta/Info.plist;
				LD_RUNPATH_SEARCH_PATHS = "$(inherited) @executable_path/Frameworks";
				PRODUCT_BUNDLE_IDENTIFIER = jd.RuntimeMeta;
				PRODUCT_NAME = "$(TARGET_NAME)";
			};
			name = Release;
		};
		280CE1E21D80E44100992E3D /* Debug */ = {
			isa = XCBuildConfiguration;
			buildSettings = {
				BUNDLE_LOADER = "$(TEST_HOST)";
				INFOPLIST_FILE = RuntimeMetaTests/Info.plist;
				LD_RUNPATH_SEARCH_PATHS = "$(inherited) @executable_path/Frameworks @loader_path/Frameworks";
				PRODUCT_BUNDLE_IDENTIFIER = jd.RuntimeMetaTests;
				PRODUCT_NAME = "$(TARGET_NAME)";
				TEST_HOST = "$(BUILT_PRODUCTS_DIR)/RuntimeMeta.app/RuntimeMeta";
			};
			name = Debug;
		};
		280CE1E31D80E44100992E3D /* Release */ = {
			isa = XCBuildConfiguration;
			buildSettings = {
				BUNDLE_LOADER = "$(TEST_HOST)";
				INFOPLIST_FILE = RuntimeMetaTests/Info.plist;
				LD_RUNPATH_SEARCH_PATHS = "$(inherited) @executable_path/Frameworks @loader_path/Frameworks";
				PRODUCT_BUNDLE_IDENTIFIER = jd.RuntimeMetaTests;
				PRODUCT_NAME = "$(TARGET_NAME)";
				TEST_HOST = "$(BUILT_PRODUCTS_DIR)/RuntimeMeta.app/RuntimeMeta";
			};
			name = Release;
		};
		280CE1E51D80E44100992E3D /* Debug */ = {
			isa = XCBuildConfiguration;
			buildSettings = {
				INFOPLIST_FILE = RuntimeMetaUITests/Info.plist;
				LD_RUNPATH_SEARCH_PATHS = "$(inherited) @executable_path/Frameworks @loader_path/Frameworks";
				PRODUCT_BUNDLE_IDENTIFIER = jd.RuntimeMetaUITests;
				PRODUCT_NAME = "$(TARGET_NAME)";
				TEST_TARGET_NAME = RuntimeMeta;
			};
			name = Debug;
		};
		280CE1E61D80E44100992E3D /* Release */ = {
			isa = XCBuildConfiguration;
			buildSettings = {
				INFOPLIST_FILE = RuntimeMetaUITests/Info.plist;
				LD_RUNPATH_SEARCH_PATHS = "$(inherited) @executable_path/Frameworks @loader_path/Frameworks";
				PRODUCT_BUNDLE_IDENTIFIER = jd.RuntimeMetaUITests;
				PRODUCT_NAME = "$(TARGET_NAME)";
				TEST_TARGET_NAME = RuntimeMeta;
			};
			name = Release;
		};
/* End XCBuildConfiguration section */

/* Begin XCConfigurationList section */
		280CE1AC1D80E44100992E3D /* Build configuration list for PBXProject "RuntimeMeta" */ = {
			isa = XCConfigurationList;
			buildConfigurations = (
				280CE1DC1D80E44100992E3D /* Debug */,
				280CE1DD1D80E44100992E3D /* Release */,
			);
			defaultConfigurationIsVisible = 0;
			defaultConfigurationName = Release;
		};
		280CE1DE1D80E44100992E3D /* Build configuration list for PBXNativeTarget "RuntimeMeta" */ = {
			isa = XCConfigurationList;
			buildConfigurations = (
				280CE1DF1D80E44100992E3D /* Debug */,
				280CE1E01D80E44100992E3D /* Release */,
			);
			defaultConfigurationIsVisible = 0;
		};
		280CE1E11D80E44100992E3D /* Build configuration list for PBXNativeTarget "RuntimeMetaTests" */ = {
			isa = XCConfigurationList;
			buildConfigurations = (
				280CE1E21D80E44100992E3D /* Debug */,
				280CE1E31D80E44100992E3D /* Release */,
			);
			defaultConfigurationIsVisible = 0;
		};
		280CE1E41D80E44100992E3D /* Build configuration list for PBXNativeTarget "RuntimeMetaUITests" */ = {
			isa = XCConfigurationList;
			buildConfigurations = (
				280CE1E51D80E44100992E3D /* Debug */,
				280CE1E61D80E44100992E3D /* Release */,
			);
			defaultConfigurationIsVisible = 0;
		};
/* End XCConfigurationList section */
	};
	rootObject = 280CE1A91D80E44100992E3D /* Project object */;
}
